// !$*UTF8*$!
{
	archiveVersion = 1;
	classes = {
	};
	objectVersion = 56;
	objects = {

/* Begin PBXBuildFile section */
		48267DB32B46ED1B00B30D6C /* AppDelegate.swift in Sources */ = {isa = PBXBuildFile; fileRef = 48267DB22B46ED1B00B30D6C /* AppDelegate.swift */; };
		48267DB52B46ED1B00B30D6C /* SceneDelegate.swift in Sources */ = {isa = PBXBuildFile; fileRef = 48267DB42B46ED1B00B30D6C /* SceneDelegate.swift */; };
		48267DBC2B46ED1C00B30D6C /* Assets.xcassets in Resources */ = {isa = PBXBuildFile; fileRef = 48267DBB2B46ED1C00B30D6C /* Assets.xcassets */; };
		48267DBF2B46ED1C00B30D6C /* LaunchScreen.storyboard in Resources */ = {isa = PBXBuildFile; fileRef = 48267DBD2B46ED1C00B30D6C /* LaunchScreen.storyboard */; };
		48267DC92B46ED3500B30D6C /* .gitignore in Resources */ = {isa = PBXBuildFile; fileRef = 48267DC82B46ED3500B30D6C /* .gitignore */; };
/* End PBXBuildFile section */

/* Begin PBXFileReference section */
		48267DAF2B46ED1B00B30D6C /* Sooda4.app */ = {isa = PBXFileReference; explicitFileType = wrapper.application; includeInIndex = 0; path = Sooda4.app; sourceTree = BUILT_PRODUCTS_DIR; };
		48267DB22B46ED1B00B30D6C /* AppDelegate.swift */ = {isa = PBXFileReference; lastKnownFileType = sourcecode.swift; path = AppDelegate.swift; sourceTree = "<group>"; };
		48267DB42B46ED1B00B30D6C /* SceneDelegate.swift */ = {isa = PBXFileReference; lastKnownFileType = sourcecode.swift; path = SceneDelegate.swift; sourceTree = "<group>"; };
		48267DBB2B46ED1C00B30D6C /* Assets.xcassets */ = {isa = PBXFileReference; lastKnownFileType = folder.assetcatalog; path = Assets.xcassets; sourceTree = "<group>"; };
		48267DBE2B46ED1C00B30D6C /* Base */ = {isa = PBXFileReference; lastKnownFileType = file.storyboard; name = Base; path = Base.lproj/LaunchScreen.storyboard; sourceTree = "<group>"; };
		48267DC02B46ED1D00B30D6C /* Info.plist */ = {isa = PBXFileReference; lastKnownFileType = text.plist.xml; path = Info.plist; sourceTree = "<group>"; };
		48267DC82B46ED3500B30D6C /* .gitignore */ = {isa = PBXFileReference; lastKnownFileType = text; path = .gitignore; sourceTree = "<group>"; };
/* End PBXFileReference section */

/* Begin PBXFrameworksBuildPhase section */
		48267DAC2B46ED1B00B30D6C /* Frameworks */ = {
			isa = PBXFrameworksBuildPhase;
			buildActionMask = 2147483647;
			files = (
			);
			runOnlyForDeploymentPostprocessing = 0;
		};
/* End PBXFrameworksBuildPhase section */

/* Begin PBXGroup section */
		48267DA62B46ED1B00B30D6C = {
			isa = PBXGroup;
			children = (
				48267DB12B46ED1B00B30D6C /* Sooda4 */,
				48267DB02B46ED1B00B30D6C /* Products */,
			);
			sourceTree = "<group>";
		};
		48267DB02B46ED1B00B30D6C /* Products */ = {
			isa = PBXGroup;
			children = (
				48267DAF2B46ED1B00B30D6C /* Sooda4.app */,
			);
			name = Products;
			sourceTree = "<group>";
		};
		48267DB12B46ED1B00B30D6C /* Sooda4 */ = {
			isa = PBXGroup;
			children = (
				48267DD02B46ED7700B30D6C /* Util */,
				48267DCF2B46ED7400B30D6C /* Resource */,
				48267DCE2B46ED7100B30D6C /* Domain */,
				48267DCD2B46ED6E00B30D6C /* Presentation */,
				48267DCC2B46ED6C00B30D6C /* Data */,
				48267DCB2B46ED6900B30D6C /* Network */,
				48267DCA2B46ED6500B30D6C /* Application */,
				48267DC82B46ED3500B30D6C /* .gitignore */,
			);
			path = Sooda4;
			sourceTree = "<group>";
		};
		48267DCA2B46ED6500B30D6C /* Application */ = {
			isa = PBXGroup;
			children = (
				48267DB22B46ED1B00B30D6C /* AppDelegate.swift */,
				48267DB42B46ED1B00B30D6C /* SceneDelegate.swift */,
			);
			path = Application;
			sourceTree = "<group>";
		};
		48267DCB2B46ED6900B30D6C /* Network */ = {
			isa = PBXGroup;
			children = (
			);
			path = Network;
			sourceTree = "<group>";
		};
		48267DCC2B46ED6C00B30D6C /* Data */ = {
			isa = PBXGroup;
			children = (
				48267DD82B46ED8E00B30D6C /* Repository */,
				48267DD72B46ED8C00B30D6C /* Network */,
			);
			path = Data;
			sourceTree = "<group>";
		};
		48267DCD2B46ED6E00B30D6C /* Presentation */ = {
			isa = PBXGroup;
			children = (
			);
			path = Presentation;
			sourceTree = "<group>";
		};
		48267DCE2B46ED7100B30D6C /* Domain */ = {
			isa = PBXGroup;
			children = (
				48267DD62B46ED8800B30D6C /* Entity */,
				48267DD52B46ED8600B30D6C /* UseCase */,
				48267DD42B46ED8200B30D6C /* Interface */,
			);
			path = Domain;
			sourceTree = "<group>";
		};
		48267DCF2B46ED7400B30D6C /* Resource */ = {
			isa = PBXGroup;
			children = (
				48267DBB2B46ED1C00B30D6C /* Assets.xcassets */,
				48267DBD2B46ED1C00B30D6C /* LaunchScreen.storyboard */,
				48267DC02B46ED1D00B30D6C /* Info.plist */,
				48267DD32B46ED7F00B30D6C /* Base */,
			);
			path = Resource;
			sourceTree = "<group>";
		};
		48267DD02B46ED7700B30D6C /* Util */ = {
			isa = PBXGroup;
			children = (
				48267DD22B46ED7C00B30D6C /* Constant */,
				48267DD12B46ED7A00B30D6C /* Extension */,
			);
			path = Util;
			sourceTree = "<group>";
		};
		48267DD12B46ED7A00B30D6C /* Extension */ = {
			isa = PBXGroup;
			children = (
			);
			path = Extension;
			sourceTree = "<group>";
		};
		48267DD22B46ED7C00B30D6C /* Constant */ = {
			isa = PBXGroup;
			children = (
			);
			path = Constant;
			sourceTree = "<group>";
		};
		48267DD32B46ED7F00B30D6C /* Base */ = {
			isa = PBXGroup;
			children = (
			);
			path = Base;
			sourceTree = "<group>";
		};
		48267DD42B46ED8200B30D6C /* Interface */ = {
			isa = PBXGroup;
			children = (
			);
			path = Interface;
			sourceTree = "<group>";
		};
		48267DD52B46ED8600B30D6C /* UseCase */ = {
			isa = PBXGroup;
			children = (
			);
			path = UseCase;
			sourceTree = "<group>";
		};
		48267DD62B46ED8800B30D6C /* Entity */ = {
			isa = PBXGroup;
			children = (
			);
			path = Entity;
			sourceTree = "<group>";
		};
		48267DD72B46ED8C00B30D6C /* Network */ = {
			isa = PBXGroup;
			children = (
			);
			path = Network;
			sourceTree = "<group>";
		};
		48267DD82B46ED8E00B30D6C /* Repository */ = {
			isa = PBXGroup;
			children = (
			);
			path = Repository;
			sourceTree = "<group>";
		};
/* End PBXGroup section */

/* Begin PBXNativeTarget section */
		48267DAE2B46ED1B00B30D6C /* Sooda4 */ = {
			isa = PBXNativeTarget;
			buildConfigurationList = 48267DC32B46ED1D00B30D6C /* Build configuration list for PBXNativeTarget "Sooda4" */;
			buildPhases = (
				48267DAB2B46ED1B00B30D6C /* Sources */,
				48267DAC2B46ED1B00B30D6C /* Frameworks */,
				48267DAD2B46ED1B00B30D6C /* Resources */,
			);
			buildRules = (
			);
			dependencies = (
			);
			name = Sooda4;
			productName = Sooda4;
			productReference = 48267DAF2B46ED1B00B30D6C /* Sooda4.app */;
			productType = "com.apple.product-type.application";
		};
/* End PBXNativeTarget section */

/* Begin PBXProject section */
		48267DA72B46ED1B00B30D6C /* Project object */ = {
			isa = PBXProject;
			attributes = {
				BuildIndependentTargetsInParallel = 1;
				LastSwiftUpdateCheck = 1500;
				LastUpgradeCheck = 1500;
				TargetAttributes = {
					48267DAE2B46ED1B00B30D6C = {
						CreatedOnToolsVersion = 15.0.1;
					};
				};
			};
			buildConfigurationList = 48267DAA2B46ED1B00B30D6C /* Build configuration list for PBXProject "Sooda4" */;
			compatibilityVersion = "Xcode 14.0";
			developmentRegion = en;
			hasScannedForEncodings = 0;
			knownRegions = (
				en,
				Base,
			);
			mainGroup = 48267DA62B46ED1B00B30D6C;
			productRefGroup = 48267DB02B46ED1B00B30D6C /* Products */;
			projectDirPath = "";
			projectRoot = "";
			targets = (
				48267DAE2B46ED1B00B30D6C /* Sooda4 */,
			);
		};
/* End PBXProject section */

/* Begin PBXResourcesBuildPhase section */
		48267DAD2B46ED1B00B30D6C /* Resources */ = {
			isa = PBXResourcesBuildPhase;
			buildActionMask = 2147483647;
			files = (
				48267DC92B46ED3500B30D6C /* .gitignore in Resources */,
				48267DBF2B46ED1C00B30D6C /* LaunchScreen.storyboard in Resources */,
				48267DBC2B46ED1C00B30D6C /* Assets.xcassets in Resources */,
			);
			runOnlyForDeploymentPostprocessing = 0;
		};
/* End PBXResourcesBuildPhase section */

/* Begin PBXSourcesBuildPhase section */
		48267DAB2B46ED1B00B30D6C /* Sources */ = {
			isa = PBXSourcesBuildPhase;
			buildActionMask = 2147483647;
			files = (
				48267DB32B46ED1B00B30D6C /* AppDelegate.swift in Sources */,
				48267DB52B46ED1B00B30D6C /* SceneDelegate.swift in Sources */,
			);
			runOnlyForDeploymentPostprocessing = 0;
		};
/* End PBXSourcesBuildPhase section */

/* Begin PBXVariantGroup section */
		48267DBD2B46ED1C00B30D6C /* LaunchScreen.storyboard */ = {
			isa = PBXVariantGroup;
			children = (
				48267DBE2B46ED1C00B30D6C /* Base */,
			);
			name = LaunchScreen.storyboard;
			sourceTree = "<group>";
		};
/* End PBXVariantGroup section */

/* Begin XCBuildConfiguration section */
		48267DC12B46ED1D00B30D6C /* Debug */ = {
			isa = XCBuildConfiguration;
			buildSettings = {
				ALWAYS_SEARCH_USER_PATHS = NO;
				ASSETCATALOG_COMPILER_GENERATE_SWIFT_ASSET_SYMBOL_EXTENSIONS = YES;
				CLANG_ANALYZER_NONNULL = YES;
				CLANG_ANALYZER_NUMBER_OBJECT_CONVERSION = YES_AGGRESSIVE;
				CLANG_CXX_LANGUAGE_STANDARD = "gnu++20";
				CLANG_ENABLE_MODULES = YES;
				CLANG_ENABLE_OBJC_ARC = YES;
				CLANG_ENABLE_OBJC_WEAK = YES;
				CLANG_WARN_BLOCK_CAPTURE_AUTORELEASING = YES;
				CLANG_WARN_BOOL_CONVERSION = YES;
				CLANG_WARN_COMMA = YES;
				CLANG_WARN_CONSTANT_CONVERSION = YES;
				CLANG_WARN_DEPRECATED_OBJC_IMPLEMENTATIONS = YES;
				CLANG_WARN_DIRECT_OBJC_ISA_USAGE = YES_ERROR;
				CLANG_WARN_DOCUMENTATION_COMMENTS = YES;
				CLANG_WARN_EMPTY_BODY = YES;
				CLANG_WARN_ENUM_CONVERSION = YES;
				CLANG_WARN_INFINITE_RECURSION = YES;
				CLANG_WARN_INT_CONVERSION = YES;
				CLANG_WARN_NON_LITERAL_NULL_CONVERSION = YES;
				CLANG_WARN_OBJC_IMPLICIT_RETAIN_SELF = YES;
				CLANG_WARN_OBJC_LITERAL_CONVERSION = YES;
				CLANG_WARN_OBJC_ROOT_CLASS = YES_ERROR;
				CLANG_WARN_QUOTED_INCLUDE_IN_FRAMEWORK_HEADER = YES;
				CLANG_WARN_RANGE_LOOP_ANALYSIS = YES;
				CLANG_WARN_STRICT_PROTOTYPES = YES;
				CLANG_WARN_SUSPICIOUS_MOVE = YES;
				CLANG_WARN_UNGUARDED_AVAILABILITY = YES_AGGRESSIVE;
				CLANG_WARN_UNREACHABLE_CODE = YES;
				CLANG_WARN__DUPLICATE_METHOD_MATCH = YES;
				COPY_PHASE_STRIP = NO;
				DEBUG_INFORMATION_FORMAT = dwarf;
				ENABLE_STRICT_OBJC_MSGSEND = YES;
				ENABLE_TESTABILITY = YES;
				ENABLE_USER_SCRIPT_SANDBOXING = YES;
				GCC_C_LANGUAGE_STANDARD = gnu17;
				GCC_DYNAMIC_NO_PIC = NO;
				GCC_NO_COMMON_BLOCKS = YES;
				GCC_OPTIMIZATION_LEVEL = 0;
				GCC_PREPROCESSOR_DEFINITIONS = (
					"DEBUG=1",
					"$(inherited)",
				);
				GCC_WARN_64_TO_32_BIT_CONVERSION = YES;
				GCC_WARN_ABOUT_RETURN_TYPE = YES_ERROR;
				GCC_WARN_UNDECLARED_SELECTOR = YES;
				GCC_WARN_UNINITIALIZED_AUTOS = YES_AGGRESSIVE;
				GCC_WARN_UNUSED_FUNCTION = YES;
				GCC_WARN_UNUSED_VARIABLE = YES;
				IPHONEOS_DEPLOYMENT_TARGET = 17.0;
				LOCALIZATION_PREFERS_STRING_CATALOGS = YES;
				MTL_ENABLE_DEBUG_INFO = INCLUDE_SOURCE;
				MTL_FAST_MATH = YES;
				ONLY_ACTIVE_ARCH = YES;
				SDKROOT = iphoneos;
				SWIFT_ACTIVE_COMPILATION_CONDITIONS = "DEBUG $(inherited)";
				SWIFT_OPTIMIZATION_LEVEL = "-Onone";
			};
			name = Debug;
		};
		48267DC22B46ED1D00B30D6C /* Release */ = {
			isa = XCBuildConfiguration;
			buildSettings = {
				ALWAYS_SEARCH_USER_PATHS = NO;
				ASSETCATALOG_COMPILER_GENERATE_SWIFT_ASSET_SYMBOL_EXTENSIONS = YES;
				CLANG_ANALYZER_NONNULL = YES;
				CLANG_ANALYZER_NUMBER_OBJECT_CONVERSION = YES_AGGRESSIVE;
				CLANG_CXX_LANGUAGE_STANDARD = "gnu++20";
				CLANG_ENABLE_MODULES = YES;
				CLANG_ENABLE_OBJC_ARC = YES;
				CLANG_ENABLE_OBJC_WEAK = YES;
				CLANG_WARN_BLOCK_CAPTURE_AUTORELEASING = YES;
				CLANG_WARN_BOOL_CONVERSION = YES;
				CLANG_WARN_COMMA = YES;
				CLANG_WARN_CONSTANT_CONVERSION = YES;
				CLANG_WARN_DEPRECATED_OBJC_IMPLEMENTATIONS = YES;
				CLANG_WARN_DIRECT_OBJC_ISA_USAGE = YES_ERROR;
				CLANG_WARN_DOCUMENTATION_COMMENTS = YES;
				CLANG_WARN_EMPTY_BODY = YES;
				CLANG_WARN_ENUM_CONVERSION = YES;
				CLANG_WARN_INFINITE_RECURSION = YES;
				CLANG_WARN_INT_CONVERSION = YES;
				CLANG_WARN_NON_LITERAL_NULL_CONVERSION = YES;
				CLANG_WARN_OBJC_IMPLICIT_RETAIN_SELF = YES;
				CLANG_WARN_OBJC_LITERAL_CONVERSION = YES;
				CLANG_WARN_OBJC_ROOT_CLASS = YES_ERROR;
				CLANG_WARN_QUOTED_INCLUDE_IN_FRAMEWORK_HEADER = YES;
				CLANG_WARN_RANGE_LOOP_ANALYSIS = YES;
				CLANG_WARN_STRICT_PROTOTYPES = YES;
				CLANG_WARN_SUSPICIOUS_MOVE = YES;
				CLANG_WARN_UNGUARDED_AVAILABILITY = YES_AGGRESSIVE;
				CLANG_WARN_UNREACHABLE_CODE = YES;
				CLANG_WARN__DUPLICATE_METHOD_MATCH = YES;
				COPY_PHASE_STRIP = NO;
				DEBUG_INFORMATION_FORMAT = "dwarf-with-dsym";
				ENABLE_NS_ASSERTIONS = NO;
				ENABLE_STRICT_OBJC_MSGSEND = YES;
				ENABLE_USER_SCRIPT_SANDBOXING = YES;
				GCC_C_LANGUAGE_STANDARD = gnu17;
				GCC_NO_COMMON_BLOCKS = YES;
				GCC_WARN_64_TO_32_BIT_CONVERSION = YES;
				GCC_WARN_ABOUT_RETURN_TYPE = YES_ERROR;
				GCC_WARN_UNDECLARED_SELECTOR = YES;
				GCC_WARN_UNINITIALIZED_AUTOS = YES_AGGRESSIVE;
				GCC_WARN_UNUSED_FUNCTION = YES;
				GCC_WARN_UNUSED_VARIABLE = YES;
				IPHONEOS_DEPLOYMENT_TARGET = 17.0;
				LOCALIZATION_PREFERS_STRING_CATALOGS = YES;
				MTL_ENABLE_DEBUG_INFO = NO;
				MTL_FAST_MATH = YES;
				SDKROOT = iphoneos;
				SWIFT_COMPILATION_MODE = wholemodule;
				VALIDATE_PRODUCT = YES;
			};
			name = Release;
		};
		48267DC42B46ED1D00B30D6C /* Debug */ = {
			isa = XCBuildConfiguration;
			buildSettings = {
				ASSETCATALOG_COMPILER_APPICON_NAME = AppIcon;
				ASSETCATALOG_COMPILER_GLOBAL_ACCENT_COLOR_NAME = AccentColor;
				CODE_SIGN_STYLE = Automatic;
				CURRENT_PROJECT_VERSION = 1;
				DEVELOPMENT_TEAM = 2S9WHYP486;
				GENERATE_INFOPLIST_FILE = YES;
				INFOPLIST_FILE = Sooda4/Resource/Info.plist;
				INFOPLIST_KEY_UIApplicationSupportsIndirectInputEvents = YES;
				INFOPLIST_KEY_UILaunchStoryboardName = LaunchScreen;
				INFOPLIST_KEY_UISupportedInterfaceOrientations_iPad = "UIInterfaceOrientationPortrait UIInterfaceOrientationPortraitUpsideDown UIInterfaceOrientationLandscapeLeft UIInterfaceOrientationLandscapeRight";
				INFOPLIST_KEY_UISupportedInterfaceOrientations_iPhone = "UIInterfaceOrientationPortrait UIInterfaceOrientationLandscapeLeft UIInterfaceOrientationLandscapeRight";
				LD_RUNPATH_SEARCH_PATHS = (
					"$(inherited)",
					"@executable_path/Frameworks",
				);
				MARKETING_VERSION = 1.0;
				PRODUCT_BUNDLE_IDENTIFIER = com.sub.Sooda4;
				PRODUCT_NAME = "$(TARGET_NAME)";
				SUPPORTED_PLATFORMS = "iphoneos iphonesimulator";
				SUPPORTS_MACCATALYST = NO;
				SUPPORTS_MAC_DESIGNED_FOR_IPHONE_IPAD = NO;
				SWIFT_EMIT_LOC_STRINGS = YES;
				SWIFT_VERSION = 5.0;
				TARGETED_DEVICE_FAMILY = 1;
			};
			name = Debug;
		};
		48267DC52B46ED1D00B30D6C /* Release */ = {
			isa = XCBuildConfiguration;
			buildSettings = {
				ASSETCATALOG_COMPILER_APPICON_NAME = AppIcon;
				ASSETCATALOG_COMPILER_GLOBAL_ACCENT_COLOR_NAME = AccentColor;
				CODE_SIGN_STYLE = Automatic;
				CURRENT_PROJECT_VERSION = 1;
				DEVELOPMENT_TEAM = 2S9WHYP486;
				GENERATE_INFOPLIST_FILE = YES;
				INFOPLIST_FILE = Sooda4/Resource/Info.plist;
				INFOPLIST_KEY_UIApplicationSupportsIndirectInputEvents = YES;
				INFOPLIST_KEY_UILaunchStoryboardName = LaunchScreen;
				INFOPLIST_KEY_UISupportedInterfaceOrientations_iPad = "UIInterfaceOrientationPortrait UIInterfaceOrientationPortraitUpsideDown UIInterfaceOrientationLandscapeLeft UIInterfaceOrientationLandscapeRight";
				INFOPLIST_KEY_UISupportedInterfaceOrientations_iPhone = "UIInterfaceOrientationPortrait UIInterfaceOrientationLandscapeLeft UIInterfaceOrientationLandscapeRight";
				LD_RUNPATH_SEARCH_PATHS = (
					"$(inherited)",
					"@executable_path/Frameworks",
				);
				MARKETING_VERSION = 1.0;
				PRODUCT_BUNDLE_IDENTIFIER = com.sub.Sooda4;
				PRODUCT_NAME = "$(TARGET_NAME)";
				SUPPORTED_PLATFORMS = "iphoneos iphonesimulator";
				SUPPORTS_MACCATALYST = NO;
				SUPPORTS_MAC_DESIGNED_FOR_IPHONE_IPAD = NO;
				SWIFT_EMIT_LOC_STRINGS = YES;
				SWIFT_VERSION = 5.0;
				TARGETED_DEVICE_FAMILY = 1;
			};
			name = Release;
		};
/* End XCBuildConfiguration section */

/* Begin XCConfigurationList section */
		48267DAA2B46ED1B00B30D6C /* Build configuration list for PBXProject "Sooda4" */ = {
			isa = XCConfigurationList;
			buildConfigurations = (
				48267DC12B46ED1D00B30D6C /* Debug */,
				48267DC22B46ED1D00B30D6C /* Release */,
			);
			defaultConfigurationIsVisible = 0;
			defaultConfigurationName = Release;
		};
		48267DC32B46ED1D00B30D6C /* Build configuration list for PBXNativeTarget "Sooda4" */ = {
			isa = XCConfigurationList;
			buildConfigurations = (
				48267DC42B46ED1D00B30D6C /* Debug */,
				48267DC52B46ED1D00B30D6C /* Release */,
			);
			defaultConfigurationIsVisible = 0;
			defaultConfigurationName = Release;
		};
/* End XCConfigurationList section */
	};
	rootObject = 48267DA72B46ED1B00B30D6C /* Project object */;
}
